{
  "version": 4,
  "terraform_version": "1.14.6",
  "serial": 1,
  "lineage": "ce35cc98-e997-5f91-5c6a-7d3d7e0fe377",
  "outputs": {
    "dynamodb_table1_name": {
      "value": "Books",
      "type": "string"
    },
    "dynamodb_table2_name": {
      "value": null,
      "type": "string"
    },
    "lambda_function_name1": {
      "value": null,
      "type": "string"
    },
    "lambda_function_name2": {
      "value": null,
      "type": "string"
    },
    "lambda_function_name3": {
      "value": null,
      "type": "string"
    },
    "lambda_function_name4": {
      "value": null,
      "type": "string"
    },
    "lambda_function_name5": {
      "value": null,
      "type": "string"
    }
  },
  "resources": [
    {
      "mode": "managed",
      "type": "aws_dynamodb_table",
      "name": "books",
      "provider": "provider[\"registry.terraform.io/hashicorp/aws\"]",
      "instances": [
        {
          "schema_version": 1,
          "attributes": {
            "arn": "arn:aws:dynamodb:us-east-1:918445420772:table/Books",
            "attribute": [
              {
                "name": "bookId",
                "type": "S"
              }
            ],
            "billing_mode": "PAY_PER_REQUEST",
            "deletion_protection_enabled": false,
            "global_secondary_index": [],
            "hash_key": "bookId",
            "id": "Books",
            "import_table": [],
            "local_secondary_index": [],
            "name": "Books",
            "on_demand_throughput": [],
            "point_in_time_recovery": [
              {
                "enabled": false,
                "recovery_period_in_days": 0
              }
            ],
            "range_key": null,
            "read_capacity": 0,
            "replica": [],
            "restore_date_time": null,
            "restore_source_name": null,
            "restore_source_table_arn": null,
            "restore_to_latest_time": null,
            "server_side_encryption": [],
            "stream_arn": "",
            "stream_enabled": false,
            "stream_label": "",
            "stream_view_type": "",
            "table_class": "STANDARD",
            "tags": {},
            "tags_all": {},
            "timeouts": null,
            "ttl": [
              {
                "attribute_name": "",
                "enabled": false
              }
            ],
            "write_capacity": 0
          },
          "sensitive_attributes": [],
          "identity_schema_version": 0,
          "private": "eyJlMmJmYjczMC1lY2FhLTExZTYtOGY4OC0zNDM2M2JjN2M0YzAiOnsiY3JlYXRlIjoxODAwMDAwMDAwMDAwLCJkZWxldGUiOjYwMDAwMDAwMDAwMCwidXBkYXRlIjozNjAwMDAwMDAwMDAwfSwic2NoZW1hX3ZlcnNpb24iOiIxIn0="
        }
      ]
    }
  ],
  "check_results": null
}
